// !$*UTF8*$!
{
	archiveVersion = 1;
	classes = {
	};
	objectVersion = 50;
	objects = {

/* Begin PBXBuildFile section */
		455CDE322599F00300742F46 /* Delay.swift in Sources */ = {isa = PBXBuildFile; fileRef = 455CDE2E2599F00200742F46 /* Delay.swift */; };
		455CDE332599F00300742F46 /* SFX.swift in Sources */ = {isa = PBXBuildFile; fileRef = 455CDE2F2599F00200742F46 /* SFX.swift */; };
		455CDE342599F00300742F46 /* UIViewController+Utils.swift in Sources */ = {isa = PBXBuildFile; fileRef = 455CDE302599F00200742F46 /* UIViewController+Utils.swift */; };
		455CDE352599F00300742F46 /* AppDefaults.swift in Sources */ = {isa = PBXBuildFile; fileRef = 455CDE312599F00300742F46 /* AppDefaults.swift */; };
		455CDE392599F51000742F46 /* BaseViewController.swift in Sources */ = {isa = PBXBuildFile; fileRef = 455CDE382599F51000742F46 /* BaseViewController.swift */; };
		455CDE3C2599F83E00742F46 /* SplashViewController.swift in Sources */ = {isa = PBXBuildFile; fileRef = 455CDE3B2599F83E00742F46 /* SplashViewController.swift */; };
		455CDE3F259A00C300742F46 /* HomeViewController.swift in Sources */ = {isa = PBXBuildFile; fileRef = 455CDE3E259A00C300742F46 /* HomeViewController.swift */; };
		455CDE45259A41B600742F46 /* Launch Screen.storyboard in Resources */ = {isa = PBXBuildFile; fileRef = 455CDE44259A41B600742F46 /* Launch Screen.storyboard */; };
		455CDE4B259B548100742F46 /* Word.swift in Sources */ = {isa = PBXBuildFile; fileRef = 455CDE4A259B548100742F46 /* Word.swift */; };
		455CDE4F259B57CD00742F46 /* BaseButton.swift in Sources */ = {isa = PBXBuildFile; fileRef = 455CDE4E259B57CD00742F46 /* BaseButton.swift */; };
		455CDE6A259B96D300742F46 /* US_shoes.mp3 in Resources */ = {isa = PBXBuildFile; fileRef = 455CDE53259B96D300742F46 /* US_shoes.mp3 */; };
		455CDE6B259B96D300742F46 /* US_apple.mp3 in Resources */ = {isa = PBXBuildFile; fileRef = 455CDE54259B96D300742F46 /* US_apple.mp3 */; };
		455CDE6C259B96D300742F46 /* US_flower.mp3 in Resources */ = {isa = PBXBuildFile; fileRef = 455CDE55259B96D300742F46 /* US_flower.mp3 */; };
		455CDE6D259B96D300742F46 /* US_car.mp3 in Resources */ = {isa = PBXBuildFile; fileRef = 455CDE56259B96D300742F46 /* US_car.mp3 */; };
		455CDE6E259B96D300742F46 /* US_cat.mp3 in Resources */ = {isa = PBXBuildFile; fileRef = 455CDE57259B96D300742F46 /* US_cat.mp3 */; };
		455CDE6F259B96D300742F46 /* US_train.mp3 in Resources */ = {isa = PBXBuildFile; fileRef = 455CDE58259B96D300742F46 /* US_train.mp3 */; };
		455CDE70259B96D300742F46 /* US_Settings.mp3 in Resources */ = {isa = PBXBuildFile; fileRef = 455CDE59259B96D300742F46 /* US_Settings.mp3 */; };
		455CDE71259B96D300742F46 /* US_boat.mp3 in Resources */ = {isa = PBXBuildFile; fileRef = 455CDE5A259B96D300742F46 /* US_boat.mp3 */; };
		455CDE72259B96D300742F46 /* US_duck.mp3 in Resources */ = {isa = PBXBuildFile; fileRef = 455CDE5B259B96D300742F46 /* US_duck.mp3 */; };
		455CDE73259B96D300742F46 /* US_dog.mp3 in Resources */ = {isa = PBXBuildFile; fileRef = 455CDE5C259B96D300742F46 /* US_dog.mp3 */; };
		455CDE74259B96D300742F46 /* US_ball.mp3 in Resources */ = {isa = PBXBuildFile; fileRef = 455CDE5D259B96D300742F46 /* US_ball.mp3 */; };
		455CDE75259B96D300742F46 /* UK_apple.mp3 in Resources */ = {isa = PBXBuildFile; fileRef = 455CDE5F259B96D300742F46 /* UK_apple.mp3 */; };
		455CDE76259B96D300742F46 /* UK_dog.mp3 in Resources */ = {isa = PBXBuildFile; fileRef = 455CDE60259B96D300742F46 /* UK_dog.mp3 */; };
		455CDE77259B96D300742F46 /* UK_shoes.mp3 in Resources */ = {isa = PBXBuildFile; fileRef = 455CDE61259B96D300742F46 /* UK_shoes.mp3 */; };
		455CDE78259B96D300742F46 /* UK_car.mp3 in Resources */ = {isa = PBXBuildFile; fileRef = 455CDE62259B96D300742F46 /* UK_car.mp3 */; };
		455CDE79259B96D300742F46 /* UK_duck.mp3 in Resources */ = {isa = PBXBuildFile; fileRef = 455CDE63259B96D300742F46 /* UK_duck.mp3 */; };
		455CDE7A259B96D300742F46 /* UK_boat.mp3 in Resources */ = {isa = PBXBuildFile; fileRef = 455CDE64259B96D300742F46 /* UK_boat.mp3 */; };
		455CDE7B259B96D300742F46 /* UK_cat.mp3 in Resources */ = {isa = PBXBuildFile; fileRef = 455CDE65259B96D300742F46 /* UK_cat.mp3 */; };
		455CDE7C259B96D300742F46 /* UK_ball.mp3 in Resources */ = {isa = PBXBuildFile; fileRef = 455CDE66259B96D300742F46 /* UK_ball.mp3 */; };
		455CDE7D259B96D300742F46 /* UK_train.mp3 in Resources */ = {isa = PBXBuildFile; fileRef = 455CDE67259B96D300742F46 /* UK_train.mp3 */; };
		455CDE7E259B96D300742F46 /* UK_Settings.mp3 in Resources */ = {isa = PBXBuildFile; fileRef = 455CDE68259B96D300742F46 /* UK_Settings.mp3 */; };
		455CDE7F259B96D300742F46 /* UK_flower.mp3 in Resources */ = {isa = PBXBuildFile; fileRef = 455CDE69259B96D300742F46 /* UK_flower.mp3 */; };
		455CDE82259B976000742F46 /* Settings.bundle in Resources */ = {isa = PBXBuildFile; fileRef = 455CDE81259B976000742F46 /* Settings.bundle */; };
		455CDE88259CC92900742F46 /* WordViewerViewController.swift in Sources */ = {isa = PBXBuildFile; fileRef = 455CDE87259CC92900742F46 /* WordViewerViewController.swift */; };
		45AA5C6B25990134007672C1 /* beachday.ttf in Resources */ = {isa = PBXBuildFile; fileRef = 45AA5C6925990134007672C1 /* beachday.ttf */; };
		45AA5C6C25990134007672C1 /* Bubble Bobble.ttf in Resources */ = {isa = PBXBuildFile; fileRef = 45AA5C6A25990134007672C1 /* Bubble Bobble.ttf */; };
		45AA5C7625990648007672C1 /* Assets.xcassets in Resources */ = {isa = PBXBuildFile; fileRef = 45AA5C7525990647007672C1 /* Assets.xcassets */; };
		45C4B86E25985B60006A8F8B /* AppDelegate.swift in Sources */ = {isa = PBXBuildFile; fileRef = 45C4B86D25985B60006A8F8B /* AppDelegate.swift */; };
		45C4B87025985B60006A8F8B /* SceneDelegate.swift in Sources */ = {isa = PBXBuildFile; fileRef = 45C4B86F25985B60006A8F8B /* SceneDelegate.swift */; };
		45C4B87525985B60006A8F8B /* Main.storyboard in Resources */ = {isa = PBXBuildFile; fileRef = 45C4B87325985B60006A8F8B /* Main.storyboard */; };
		45E1F0032BF13B2400565BF3 /* UK_bus.mp3 in Resources */ = {isa = PBXBuildFile; fileRef = 45E1EFF82BF13B2400565BF3 /* UK_bus.mp3 */; };
		45E1F0042BF13B2400565BF3 /* UK_moon.mp3 in Resources */ = {isa = PBXBuildFile; fileRef = 45E1EFF92BF13B2400565BF3 /* UK_moon.mp3 */; };
		45E1F0052BF13B2400565BF3 /* UK_hammer.mp3 in Resources */ = {isa = PBXBuildFile; fileRef = 45E1EFFA2BF13B2400565BF3 /* UK_hammer.mp3 */; };
		45E1F0062BF13B2400565BF3 /* UK_bicycle.mp3 in Resources */ = {isa = PBXBuildFile; fileRef = 45E1EFFB2BF13B2400565BF3 /* UK_bicycle.mp3 */; };
		45E1F0072BF13B2400565BF3 /* UK_tree.mp3 in Resources */ = {isa = PBXBuildFile; fileRef = 45E1EFFC2BF13B2400565BF3 /* UK_tree.mp3 */; };
		45E1F0082BF13B2400565BF3 /* UK_grass.mp3 in Resources */ = {isa = PBXBuildFile; fileRef = 45E1EFFD2BF13B2400565BF3 /* UK_grass.mp3 */; };
		45E1F0092BF13B2400565BF3 /* UK_hand.mp3 in Resources */ = {isa = PBXBuildFile; fileRef = 45E1EFFE2BF13B2400565BF3 /* UK_hand.mp3 */; };
		45E1F00A2BF13B2400565BF3 /* UK_mouse.mp3 in Resources */ = {isa = PBXBuildFile; fileRef = 45E1EFFF2BF13B2400565BF3 /* UK_mouse.mp3 */; };
		45E1F00B2BF13B2400565BF3 /* UK_sun.mp3 in Resources */ = {isa = PBXBuildFile; fileRef = 45E1F0002BF13B2400565BF3 /* UK_sun.mp3 */; };
		45E1F00C2BF13B2400565BF3 /* UK_house.mp3 in Resources */ = {isa = PBXBuildFile; fileRef = 45E1F0012BF13B2400565BF3 /* UK_house.mp3 */; };
		45E1F00D2BF13B2400565BF3 /* UK_leaf.mp3 in Resources */ = {isa = PBXBuildFile; fileRef = 45E1F0022BF13B2400565BF3 /* UK_leaf.mp3 */; };
		45E1F0182BF13BF800565BF3 /* US_bicycle.mp3 in Resources */ = {isa = PBXBuildFile; fileRef = 45E1F00E2BF13BF700565BF3 /* US_bicycle.mp3 */; };
		45E1F0192BF13BF800565BF3 /* US_moon.mp3 in Resources */ = {isa = PBXBuildFile; fileRef = 45E1F00F2BF13BF700565BF3 /* US_moon.mp3 */; };
		45E1F01A2BF13BF800565BF3 /* US_grass.mp3 in Resources */ = {isa = PBXBuildFile; fileRef = 45E1F0102BF13BF700565BF3 /* US_grass.mp3 */; };
		45E1F01B2BF13BF800565BF3 /* US_mouse.mp3 in Resources */ = {isa = PBXBuildFile; fileRef = 45E1F0112BF13BF700565BF3 /* US_mouse.mp3 */; };
		45E1F01C2BF13BF800565BF3 /* US_sun.mp3 in Resources */ = {isa = PBXBuildFile; fileRef = 45E1F0122BF13BF700565BF3 /* US_sun.mp3 */; };
		45E1F01D2BF13BF800565BF3 /* US_tree.mp3 in Resources */ = {isa = PBXBuildFile; fileRef = 45E1F0132BF13BF800565BF3 /* US_tree.mp3 */; };
		45E1F01E2BF13BF800565BF3 /* US_leaf.mp3 in Resources */ = {isa = PBXBuildFile; fileRef = 45E1F0142BF13BF800565BF3 /* US_leaf.mp3 */; };
		45E1F01F2BF13BF800565BF3 /* US_hand.mp3 in Resources */ = {isa = PBXBuildFile; fileRef = 45E1F0152BF13BF800565BF3 /* US_hand.mp3 */; };
		45E1F0202BF13BF800565BF3 /* US_hammer.mp3 in Resources */ = {isa = PBXBuildFile; fileRef = 45E1F0162BF13BF800565BF3 /* US_hammer.mp3 */; };
		45E1F0212BF13BF800565BF3 /* US_bus.mp3 in Resources */ = {isa = PBXBuildFile; fileRef = 45E1F0172BF13BF800565BF3 /* US_bus.mp3 */; };
/* End PBXBuildFile section */

/* Begin PBXFileReference section */
		455CDE2E2599F00200742F46 /* Delay.swift */ = {isa = PBXFileReference; fileEncoding = 4; lastKnownFileType = sourcecode.swift; path = Delay.swift; sourceTree = "<group>"; };
		455CDE2F2599F00200742F46 /* SFX.swift */ = {isa = PBXFileReference; fileEncoding = 4; lastKnownFileType = sourcecode.swift; path = SFX.swift; sourceTree = "<group>"; };
		455CDE302599F00200742F46 /* UIViewController+Utils.swift */ = {isa = PBXFileReference; fileEncoding = 4; lastKnownFileType = sourcecode.swift; path = "UIViewController+Utils.swift"; sourceTree = "<group>"; };
		455CDE312599F00300742F46 /* AppDefaults.swift */ = {isa = PBXFileReference; fileEncoding = 4; lastKnownFileType = sourcecode.swift; path = AppDefaults.swift; sourceTree = "<group>"; };
		455CDE382599F51000742F46 /* BaseViewController.swift */ = {isa = PBXFileReference; fileEncoding = 4; lastKnownFileType = sourcecode.swift; path = BaseViewController.swift; sourceTree = "<group>"; };
		455CDE3B2599F83E00742F46 /* SplashViewController.swift */ = {isa = PBXFileReference; lastKnownFileType = sourcecode.swift; path = SplashViewController.swift; sourceTree = "<group>"; };
		455CDE3E259A00C300742F46 /* HomeViewController.swift */ = {isa = PBXFileReference; lastKnownFileType = sourcecode.swift; path = HomeViewController.swift; sourceTree = "<group>"; };
		455CDE44259A41B600742F46 /* Launch Screen.storyboard */ = {isa = PBXFileReference; lastKnownFileType = file.storyboard; path = "Launch Screen.storyboard"; sourceTree = "<group>"; };
		455CDE4A259B548100742F46 /* Word.swift */ = {isa = PBXFileReference; lastKnownFileType = sourcecode.swift; path = Word.swift; sourceTree = "<group>"; };
		455CDE4E259B57CD00742F46 /* BaseButton.swift */ = {isa = PBXFileReference; lastKnownFileType = sourcecode.swift; path = BaseButton.swift; sourceTree = "<group>"; };
		455CDE53259B96D300742F46 /* US_shoes.mp3 */ = {isa = PBXFileReference; lastKnownFileType = audio.mp3; path = US_shoes.mp3; sourceTree = "<group>"; };
		455CDE54259B96D300742F46 /* US_apple.mp3 */ = {isa = PBXFileReference; lastKnownFileType = audio.mp3; path = US_apple.mp3; sourceTree = "<group>"; };
		455CDE55259B96D300742F46 /* US_flower.mp3 */ = {isa = PBXFileReference; lastKnownFileType = audio.mp3; path = US_flower.mp3; sourceTree = "<group>"; };
		455CDE56259B96D300742F46 /* US_car.mp3 */ = {isa = PBXFileReference; lastKnownFileType = audio.mp3; path = US_car.mp3; sourceTree = "<group>"; };
		455CDE57259B96D300742F46 /* US_cat.mp3 */ = {isa = PBXFileReference; lastKnownFileType = audio.mp3; path = US_cat.mp3; sourceTree = "<group>"; };
		455CDE58259B96D300742F46 /* US_train.mp3 */ = {isa = PBXFileReference; lastKnownFileType = audio.mp3; path = US_train.mp3; sourceTree = "<group>"; };
		455CDE59259B96D300742F46 /* US_Settings.mp3 */ = {isa = PBXFileReference; lastKnownFileType = audio.mp3; path = US_Settings.mp3; sourceTree = "<group>"; };
		455CDE5A259B96D300742F46 /* US_boat.mp3 */ = {isa = PBXFileReference; lastKnownFileType = audio.mp3; path = US_boat.mp3; sourceTree = "<group>"; };
		455CDE5B259B96D300742F46 /* US_duck.mp3 */ = {isa = PBXFileReference; lastKnownFileType = audio.mp3; path = US_duck.mp3; sourceTree = "<group>"; };
		455CDE5C259B96D300742F46 /* US_dog.mp3 */ = {isa = PBXFileReference; lastKnownFileType = audio.mp3; path = US_dog.mp3; sourceTree = "<group>"; };
		455CDE5D259B96D300742F46 /* US_ball.mp3 */ = {isa = PBXFileReference; lastKnownFileType = audio.mp3; path = US_ball.mp3; sourceTree = "<group>"; };
		455CDE5F259B96D300742F46 /* UK_apple.mp3 */ = {isa = PBXFileReference; lastKnownFileType = audio.mp3; path = UK_apple.mp3; sourceTree = "<group>"; };
		455CDE60259B96D300742F46 /* UK_dog.mp3 */ = {isa = PBXFileReference; lastKnownFileType = audio.mp3; path = UK_dog.mp3; sourceTree = "<group>"; };
		455CDE61259B96D300742F46 /* UK_shoes.mp3 */ = {isa = PBXFileReference; lastKnownFileType = audio.mp3; path = UK_shoes.mp3; sourceTree = "<group>"; };
		455CDE62259B96D300742F46 /* UK_car.mp3 */ = {isa = PBXFileReference; lastKnownFileType = audio.mp3; path = UK_car.mp3; sourceTree = "<group>"; };
		455CDE63259B96D300742F46 /* UK_duck.mp3 */ = {isa = PBXFileReference; lastKnownFileType = audio.mp3; path = UK_duck.mp3; sourceTree = "<group>"; };
		455CDE64259B96D300742F46 /* UK_boat.mp3 */ = {isa = PBXFileReference; lastKnownFileType = audio.mp3; path = UK_boat.mp3; sourceTree = "<group>"; };
		455CDE65259B96D300742F46 /* UK_cat.mp3 */ = {isa = PBXFileReference; lastKnownFileType = audio.mp3; path = UK_cat.mp3; sourceTree = "<group>"; };
		455CDE66259B96D300742F46 /* UK_ball.mp3 */ = {isa = PBXFileReference; lastKnownFileType = audio.mp3; path = UK_ball.mp3; sourceTree = "<group>"; };
		455CDE67259B96D300742F46 /* UK_train.mp3 */ = {isa = PBXFileReference; lastKnownFileType = audio.mp3; path = UK_train.mp3; sourceTree = "<group>"; };
		455CDE68259B96D300742F46 /* UK_Settings.mp3 */ = {isa = PBXFileReference; lastKnownFileType = audio.mp3; path = UK_Settings.mp3; sourceTree = "<group>"; };
		455CDE69259B96D300742F46 /* UK_flower.mp3 */ = {isa = PBXFileReference; lastKnownFileType = audio.mp3; path = UK_flower.mp3; sourceTree = "<group>"; };
		455CDE81259B976000742F46 /* Settings.bundle */ = {isa = PBXFileReference; lastKnownFileType = "wrapper.plug-in"; path = Settings.bundle; sourceTree = "<group>"; };
		455CDE87259CC92900742F46 /* WordViewerViewController.swift */ = {isa = PBXFileReference; lastKnownFileType = sourcecode.swift; path = WordViewerViewController.swift; sourceTree = "<group>"; };
		45AA5C642598E54C007672C1 /* BabyObjectsTalk.entitlements */ = {isa = PBXFileReference; lastKnownFileType = text.plist.entitlements; path = BabyObjectsTalk.entitlements; sourceTree = "<group>"; };
		45AA5C6925990134007672C1 /* beachday.ttf */ = {isa = PBXFileReference; lastKnownFileType = file; path = beachday.ttf; sourceTree = "<group>"; };
		45AA5C6A25990134007672C1 /* Bubble Bobble.ttf */ = {isa = PBXFileReference; lastKnownFileType = file; path = "Bubble Bobble.ttf"; sourceTree = "<group>"; };
		45AA5C7525990647007672C1 /* Assets.xcassets */ = {isa = PBXFileReference; lastKnownFileType = folder.assetcatalog; path = Assets.xcassets; sourceTree = "<group>"; };
		45C4B86A25985B60006A8F8B /* BabyObjectsTalk.app */ = {isa = PBXFileReference; explicitFileType = wrapper.application; includeInIndex = 0; path = BabyObjectsTalk.app; sourceTree = BUILT_PRODUCTS_DIR; };
		45C4B86D25985B60006A8F8B /* AppDelegate.swift */ = {isa = PBXFileReference; lastKnownFileType = sourcecode.swift; path = AppDelegate.swift; sourceTree = "<group>"; };
		45C4B86F25985B60006A8F8B /* SceneDelegate.swift */ = {isa = PBXFileReference; lastKnownFileType = sourcecode.swift; path = SceneDelegate.swift; sourceTree = "<group>"; };
		45C4B87425985B60006A8F8B /* Base */ = {isa = PBXFileReference; lastKnownFileType = file.storyboard; name = Base; path = Base.lproj/Main.storyboard; sourceTree = "<group>"; };
		45C4B87B25985B61006A8F8B /* Info.plist */ = {isa = PBXFileReference; lastKnownFileType = text.plist.xml; path = Info.plist; sourceTree = "<group>"; };
		45E1EFF82BF13B2400565BF3 /* UK_bus.mp3 */ = {isa = PBXFileReference; lastKnownFileType = audio.mp3; path = UK_bus.mp3; sourceTree = "<group>"; };
		45E1EFF92BF13B2400565BF3 /* UK_moon.mp3 */ = {isa = PBXFileReference; lastKnownFileType = audio.mp3; path = UK_moon.mp3; sourceTree = "<group>"; };
		45E1EFFA2BF13B2400565BF3 /* UK_hammer.mp3 */ = {isa = PBXFileReference; lastKnownFileType = audio.mp3; path = UK_hammer.mp3; sourceTree = "<group>"; };
		45E1EFFB2BF13B2400565BF3 /* UK_bicycle.mp3 */ = {isa = PBXFileReference; lastKnownFileType = audio.mp3; path = UK_bicycle.mp3; sourceTree = "<group>"; };
		45E1EFFC2BF13B2400565BF3 /* UK_tree.mp3 */ = {isa = PBXFileReference; lastKnownFileType = audio.mp3; path = UK_tree.mp3; sourceTree = "<group>"; };
		45E1EFFD2BF13B2400565BF3 /* UK_grass.mp3 */ = {isa = PBXFileReference; lastKnownFileType = audio.mp3; path = UK_grass.mp3; sourceTree = "<group>"; };
		45E1EFFE2BF13B2400565BF3 /* UK_hand.mp3 */ = {isa = PBXFileReference; lastKnownFileType = audio.mp3; path = UK_hand.mp3; sourceTree = "<group>"; };
		45E1EFFF2BF13B2400565BF3 /* UK_mouse.mp3 */ = {isa = PBXFileReference; lastKnownFileType = audio.mp3; path = UK_mouse.mp3; sourceTree = "<group>"; };
		45E1F0002BF13B2400565BF3 /* UK_sun.mp3 */ = {isa = PBXFileReference; lastKnownFileType = audio.mp3; path = UK_sun.mp3; sourceTree = "<group>"; };
		45E1F0012BF13B2400565BF3 /* UK_house.mp3 */ = {isa = PBXFileReference; lastKnownFileType = audio.mp3; path = UK_house.mp3; sourceTree = "<group>"; };
		45E1F0022BF13B2400565BF3 /* UK_leaf.mp3 */ = {isa = PBXFileReference; lastKnownFileType = audio.mp3; path = UK_leaf.mp3; sourceTree = "<group>"; };
		45E1F00E2BF13BF700565BF3 /* US_bicycle.mp3 */ = {isa = PBXFileReference; lastKnownFileType = audio.mp3; path = US_bicycle.mp3; sourceTree = "<group>"; };
		45E1F00F2BF13BF700565BF3 /* US_moon.mp3 */ = {isa = PBXFileReference; lastKnownFileType = audio.mp3; path = US_moon.mp3; sourceTree = "<group>"; };
		45E1F0102BF13BF700565BF3 /* US_grass.mp3 */ = {isa = PBXFileReference; lastKnownFileType = audio.mp3; path = US_grass.mp3; sourceTree = "<group>"; };
		45E1F0112BF13BF700565BF3 /* US_mouse.mp3 */ = {isa = PBXFileReference; lastKnownFileType = audio.mp3; path = US_mouse.mp3; sourceTree = "<group>"; };
		45E1F0122BF13BF700565BF3 /* US_sun.mp3 */ = {isa = PBXFileReference; lastKnownFileType = audio.mp3; path = US_sun.mp3; sourceTree = "<group>"; };
		45E1F0132BF13BF800565BF3 /* US_tree.mp3 */ = {isa = PBXFileReference; lastKnownFileType = audio.mp3; path = US_tree.mp3; sourceTree = "<group>"; };
		45E1F0142BF13BF800565BF3 /* US_leaf.mp3 */ = {isa = PBXFileReference; lastKnownFileType = audio.mp3; path = US_leaf.mp3; sourceTree = "<group>"; };
		45E1F0152BF13BF800565BF3 /* US_hand.mp3 */ = {isa = PBXFileReference; lastKnownFileType = audio.mp3; path = US_hand.mp3; sourceTree = "<group>"; };
		45E1F0162BF13BF800565BF3 /* US_hammer.mp3 */ = {isa = PBXFileReference; lastKnownFileType = audio.mp3; path = US_hammer.mp3; sourceTree = "<group>"; };
		45E1F0172BF13BF800565BF3 /* US_bus.mp3 */ = {isa = PBXFileReference; lastKnownFileType = audio.mp3; path = US_bus.mp3; sourceTree = "<group>"; };
/* End PBXFileReference section */

/* Begin PBXFrameworksBuildPhase section */
		45C4B86725985B60006A8F8B /* Frameworks */ = {
			isa = PBXFrameworksBuildPhase;
			buildActionMask = 2147483647;
			files = (
			);
			runOnlyForDeploymentPostprocessing = 0;
		};
/* End PBXFrameworksBuildPhase section */

/* Begin PBXGroup section */
		455CDE2D2599EED600742F46 /* Utils */ = {
			isa = PBXGroup;
			children = (
				455CDE312599F00300742F46 /* AppDefaults.swift */,
				455CDE2E2599F00200742F46 /* Delay.swift */,
				455CDE2F2599F00200742F46 /* SFX.swift */,
				455CDE302599F00200742F46 /* UIViewController+Utils.swift */,
			);
			path = Utils;
			sourceTree = "<group>";
		};
		455CDE372599F51000742F46 /* Base */ = {
			isa = PBXGroup;
			children = (
				455CDE382599F51000742F46 /* BaseViewController.swift */,
				455CDE4E259B57CD00742F46 /* BaseButton.swift */,
			);
			path = Base;
			sourceTree = "<group>";
		};
		455CDE49259B546800742F46 /* Models */ = {
			isa = PBXGroup;
			children = (
				455CDE4A259B548100742F46 /* Word.swift */,
			);
			path = Models;
			sourceTree = "<group>";
		};
		455CDE51259B96C400742F46 /* SFX */ = {
			isa = PBXGroup;
			children = (
				455CDE5E259B96D300742F46 /* UK */,
				455CDE52259B96D300742F46 /* US */,
			);
			path = SFX;
			sourceTree = "<group>";
		};
		455CDE52259B96D300742F46 /* US */ = {
			isa = PBXGroup;
			children = (
				455CDE54259B96D300742F46 /* US_apple.mp3 */,
				455CDE5D259B96D300742F46 /* US_ball.mp3 */,
				45E1F00E2BF13BF700565BF3 /* US_bicycle.mp3 */,
				455CDE5A259B96D300742F46 /* US_boat.mp3 */,
				45E1F0172BF13BF800565BF3 /* US_bus.mp3 */,
				455CDE56259B96D300742F46 /* US_car.mp3 */,
				455CDE57259B96D300742F46 /* US_cat.mp3 */,
				455CDE5C259B96D300742F46 /* US_dog.mp3 */,
				455CDE5B259B96D300742F46 /* US_duck.mp3 */,
				455CDE55259B96D300742F46 /* US_flower.mp3 */,
				45E1F0102BF13BF700565BF3 /* US_grass.mp3 */,
				45E1F0162BF13BF800565BF3 /* US_hammer.mp3 */,
				45E1F0152BF13BF800565BF3 /* US_hand.mp3 */,
				45E1F0142BF13BF800565BF3 /* US_leaf.mp3 */,
				45E1F00F2BF13BF700565BF3 /* US_moon.mp3 */,
				45E1F0112BF13BF700565BF3 /* US_mouse.mp3 */,
				455CDE59259B96D300742F46 /* US_Settings.mp3 */,
				455CDE53259B96D300742F46 /* US_shoes.mp3 */,
				45E1F0122BF13BF700565BF3 /* US_sun.mp3 */,
				455CDE58259B96D300742F46 /* US_train.mp3 */,
				45E1F0132BF13BF800565BF3 /* US_tree.mp3 */,
			);
			path = US;
			sourceTree = "<group>";
		};
		455CDE5E259B96D300742F46 /* UK */ = {
			isa = PBXGroup;
			children = (
				455CDE5F259B96D300742F46 /* UK_apple.mp3 */,
				455CDE66259B96D300742F46 /* UK_ball.mp3 */,
				45E1EFFB2BF13B2400565BF3 /* UK_bicycle.mp3 */,
				455CDE64259B96D300742F46 /* UK_boat.mp3 */,
				45E1EFF82BF13B2400565BF3 /* UK_bus.mp3 */,
				455CDE62259B96D300742F46 /* UK_car.mp3 */,
				455CDE65259B96D300742F46 /* UK_cat.mp3 */,
				455CDE60259B96D300742F46 /* UK_dog.mp3 */,
				455CDE63259B96D300742F46 /* UK_duck.mp3 */,
				455CDE69259B96D300742F46 /* UK_flower.mp3 */,
				45E1EFFD2BF13B2400565BF3 /* UK_grass.mp3 */,
				45E1EFFA2BF13B2400565BF3 /* UK_hammer.mp3 */,
				45E1EFFE2BF13B2400565BF3 /* UK_hand.mp3 */,
				45E1F0012BF13B2400565BF3 /* UK_house.mp3 */,
				45E1F0022BF13B2400565BF3 /* UK_leaf.mp3 */,
				45E1EFF92BF13B2400565BF3 /* UK_moon.mp3 */,
				45E1EFFF2BF13B2400565BF3 /* UK_mouse.mp3 */,
				455CDE68259B96D300742F46 /* UK_Settings.mp3 */,
				455CDE61259B96D300742F46 /* UK_shoes.mp3 */,
				45E1F0002BF13B2400565BF3 /* UK_sun.mp3 */,
				455CDE67259B96D300742F46 /* UK_train.mp3 */,
				45E1EFFC2BF13B2400565BF3 /* UK_tree.mp3 */,
			);
			path = UK;
			sourceTree = "<group>";
		};
		45AA5C672599012D007672C1 /* Resources */ = {
			isa = PBXGroup;
			children = (
				45AA5C7525990647007672C1 /* Assets.xcassets */,
				45AA5C6825990134007672C1 /* Fonts */,
				455CDE51259B96C400742F46 /* SFX */,
				455CDE44259A41B600742F46 /* Launch Screen.storyboard */,
			);
			path = Resources;
			sourceTree = "<group>";
		};
		45AA5C6825990134007672C1 /* Fonts */ = {
			isa = PBXGroup;
			children = (
				45AA5C6925990134007672C1 /* beachday.ttf */,
				45AA5C6A25990134007672C1 /* Bubble Bobble.ttf */,
			);
			path = Fonts;
			sourceTree = "<group>";
		};
		45AA5C6E2599014F007672C1 /* App */ = {
			isa = PBXGroup;
			children = (
				45AA5C642598E54C007672C1 /* BabyObjectsTalk.entitlements */,
				45C4B86D25985B60006A8F8B /* AppDelegate.swift */,
				45C4B86F25985B60006A8F8B /* SceneDelegate.swift */,
				455CDE81259B976000742F46 /* Settings.bundle */,
			);
			path = App;
			sourceTree = "<group>";
		};
		45AA5C6F2599015A007672C1 /* Plist */ = {
			isa = PBXGroup;
			children = (
				45C4B87B25985B61006A8F8B /* Info.plist */,
			);
			path = Plist;
			sourceTree = "<group>";
		};
		45AA5C7025990181007672C1 /* Views */ = {
			isa = PBXGroup;
			children = (
				455CDE372599F51000742F46 /* Base */,
				45C4B87325985B60006A8F8B /* Main.storyboard */,
				455CDE3B2599F83E00742F46 /* SplashViewController.swift */,
				455CDE3E259A00C300742F46 /* HomeViewController.swift */,
				455CDE87259CC92900742F46 /* WordViewerViewController.swift */,
			);
			path = Views;
			sourceTree = "<group>";
		};
		45C4B86125985B60006A8F8B = {
			isa = PBXGroup;
			children = (
				45C4B86C25985B60006A8F8B /* BabyObjectsTalk */,
				45C4B86B25985B60006A8F8B /* Products */,
			);
			sourceTree = "<group>";
		};
		45C4B86B25985B60006A8F8B /* Products */ = {
			isa = PBXGroup;
			children = (
				45C4B86A25985B60006A8F8B /* BabyObjectsTalk.app */,
			);
			name = Products;
			sourceTree = "<group>";
		};
		45C4B86C25985B60006A8F8B /* BabyObjectsTalk */ = {
			isa = PBXGroup;
			children = (
				45AA5C6E2599014F007672C1 /* App */,
				455CDE49259B546800742F46 /* Models */,
				45AA5C7025990181007672C1 /* Views */,
				45AA5C6F2599015A007672C1 /* Plist */,
				455CDE2D2599EED600742F46 /* Utils */,
				45AA5C672599012D007672C1 /* Resources */,
			);
			path = BabyObjectsTalk;
			sourceTree = "<group>";
		};
/* End PBXGroup section */

/* Begin PBXNativeTarget section */
		45C4B86925985B60006A8F8B /* BabyObjectsTalk */ = {
			isa = PBXNativeTarget;
			buildConfigurationList = 45C4B87E25985B61006A8F8B /* Build configuration list for PBXNativeTarget "BabyObjectsTalk" */;
			buildPhases = (
				45C4B86625985B60006A8F8B /* Sources */,
				45C4B86725985B60006A8F8B /* Frameworks */,
				45C4B86825985B60006A8F8B /* Resources */,
			);
			buildRules = (
			);
			dependencies = (
			);
			name = BabyObjectsTalk;
			productName = BabyObjectsTalk;
			productReference = 45C4B86A25985B60006A8F8B /* BabyObjectsTalk.app */;
			productType = "com.apple.product-type.application";
		};
/* End PBXNativeTarget section */

/* Begin PBXProject section */
		45C4B86225985B60006A8F8B /* Project object */ = {
			isa = PBXProject;
			attributes = {
				LastSwiftUpdateCheck = 1220;
				LastUpgradeCheck = 1220;
				TargetAttributes = {
					45C4B86925985B60006A8F8B = {
						CreatedOnToolsVersion = 12.2;
					};
				};
			};
			buildConfigurationList = 45C4B86525985B60006A8F8B /* Build configuration list for PBXProject "BabyObjectsTalk" */;
			compatibilityVersion = "Xcode 9.3";
			developmentRegion = en;
			hasScannedForEncodings = 0;
			knownRegions = (
				en,
				Base,
			);
			mainGroup = 45C4B86125985B60006A8F8B;
			productRefGroup = 45C4B86B25985B60006A8F8B /* Products */;
			projectDirPath = "";
			projectRoot = "";
			targets = (
				45C4B86925985B60006A8F8B /* BabyObjectsTalk */,
			);
		};
/* End PBXProject section */

/* Begin PBXResourcesBuildPhase section */
		45C4B86825985B60006A8F8B /* Resources */ = {
			isa = PBXResourcesBuildPhase;
			buildActionMask = 2147483647;
			files = (
				45E1F0192BF13BF800565BF3 /* US_moon.mp3 in Resources */,
				45AA5C6B25990134007672C1 /* beachday.ttf in Resources */,
				45E1F0082BF13B2400565BF3 /* UK_grass.mp3 in Resources */,
				455CDE77259B96D300742F46 /* UK_shoes.mp3 in Resources */,
				455CDE6C259B96D300742F46 /* US_flower.mp3 in Resources */,
				45AA5C6C25990134007672C1 /* Bubble Bobble.ttf in Resources */,
				455CDE7A259B96D300742F46 /* UK_boat.mp3 in Resources */,
				45E1F0042BF13B2400565BF3 /* UK_moon.mp3 in Resources */,
				45E1F0062BF13B2400565BF3 /* UK_bicycle.mp3 in Resources */,
				455CDE76259B96D300742F46 /* UK_dog.mp3 in Resources */,
				45E1F01D2BF13BF800565BF3 /* US_tree.mp3 in Resources */,
				455CDE71259B96D300742F46 /* US_boat.mp3 in Resources */,
				45E1F0202BF13BF800565BF3 /* US_hammer.mp3 in Resources */,
				455CDE79259B96D300742F46 /* UK_duck.mp3 in Resources */,
				45E1F01F2BF13BF800565BF3 /* US_hand.mp3 in Resources */,
				45E1F01B2BF13BF800565BF3 /* US_mouse.mp3 in Resources */,
				45E1F0072BF13B2400565BF3 /* UK_tree.mp3 in Resources */,
				45C4B87525985B60006A8F8B /* Main.storyboard in Resources */,
				455CDE45259A41B600742F46 /* Launch Screen.storyboard in Resources */,
				45E1F01A2BF13BF800565BF3 /* US_grass.mp3 in Resources */,
				455CDE6B259B96D300742F46 /* US_apple.mp3 in Resources */,
				455CDE7D259B96D300742F46 /* UK_train.mp3 in Resources */,
				45E1F0212BF13BF800565BF3 /* US_bus.mp3 in Resources */,
				455CDE7B259B96D300742F46 /* UK_cat.mp3 in Resources */,
				455CDE75259B96D300742F46 /* UK_apple.mp3 in Resources */,
				45E1F00B2BF13B2400565BF3 /* UK_sun.mp3 in Resources */,
				455CDE73259B96D300742F46 /* US_dog.mp3 in Resources */,
				455CDE7E259B96D300742F46 /* UK_Settings.mp3 in Resources */,
				45E1F00C2BF13B2400565BF3 /* UK_house.mp3 in Resources */,
				45E1F01C2BF13BF800565BF3 /* US_sun.mp3 in Resources */,
				455CDE72259B96D300742F46 /* US_duck.mp3 in Resources */,
				455CDE6D259B96D300742F46 /* US_car.mp3 in Resources */,
				455CDE78259B96D300742F46 /* UK_car.mp3 in Resources */,
				455CDE6E259B96D300742F46 /* US_cat.mp3 in Resources */,
				455CDE82259B976000742F46 /* Settings.bundle in Resources */,
				45E1F0032BF13B2400565BF3 /* UK_bus.mp3 in Resources */,
				45E1F00A2BF13B2400565BF3 /* UK_mouse.mp3 in Resources */,
				45E1F01E2BF13BF800565BF3 /* US_leaf.mp3 in Resources */,
				455CDE74259B96D300742F46 /* US_ball.mp3 in Resources */,
				45E1F0182BF13BF800565BF3 /* US_bicycle.mp3 in Resources */,
				455CDE7C259B96D300742F46 /* UK_ball.mp3 in Resources */,
				455CDE6F259B96D300742F46 /* US_train.mp3 in Resources */,
				455CDE70259B96D300742F46 /* US_Settings.mp3 in Resources */,
				45AA5C7625990648007672C1 /* Assets.xcassets in Resources */,
				455CDE6A259B96D300742F46 /* US_shoes.mp3 in Resources */,
				455CDE7F259B96D300742F46 /* UK_flower.mp3 in Resources */,
				45E1F00D2BF13B2400565BF3 /* UK_leaf.mp3 in Resources */,
				45E1F0052BF13B2400565BF3 /* UK_hammer.mp3 in Resources */,
				45E1F0092BF13B2400565BF3 /* UK_hand.mp3 in Resources */,
			);
			runOnlyForDeploymentPostprocessing = 0;
		};
/* End PBXResourcesBuildPhase section */

/* Begin PBXSourcesBuildPhase section */
		45C4B86625985B60006A8F8B /* Sources */ = {
			isa = PBXSourcesBuildPhase;
			buildActionMask = 2147483647;
			files = (
				455CDE322599F00300742F46 /* Delay.swift in Sources */,
				455CDE332599F00300742F46 /* SFX.swift in Sources */,
				455CDE88259CC92900742F46 /* WordViewerViewController.swift in Sources */,
				45C4B86E25985B60006A8F8B /* AppDelegate.swift in Sources */,
				45C4B87025985B60006A8F8B /* SceneDelegate.swift in Sources */,
				455CDE342599F00300742F46 /* UIViewController+Utils.swift in Sources */,
				455CDE4F259B57CD00742F46 /* BaseButton.swift in Sources */,
				455CDE3F259A00C300742F46 /* HomeViewController.swift in Sources */,
				455CDE392599F51000742F46 /* BaseViewController.swift in Sources */,
				455CDE4B259B548100742F46 /* Word.swift in Sources */,
				455CDE352599F00300742F46 /* AppDefaults.swift in Sources */,
				455CDE3C2599F83E00742F46 /* SplashViewController.swift in Sources */,
			);
			runOnlyForDeploymentPostprocessing = 0;
		};
/* End PBXSourcesBuildPhase section */

/* Begin PBXVariantGroup section */
		45C4B87325985B60006A8F8B /* Main.storyboard */ = {
			isa = PBXVariantGroup;
			children = (
				45C4B87425985B60006A8F8B /* Base */,
			);
			name = Main.storyboard;
			sourceTree = "<group>";
		};
/* End PBXVariantGroup section */

/* Begin XCBuildConfiguration section */
		45C4B87C25985B61006A8F8B /* Debug */ = {
			isa = XCBuildConfiguration;
			buildSettings = {
				ALWAYS_SEARCH_USER_PATHS = NO;
				CLANG_ANALYZER_NONNULL = YES;
				CLANG_ANALYZER_NUMBER_OBJECT_CONVERSION = YES_AGGRESSIVE;
				CLANG_CXX_LANGUAGE_STANDARD = "gnu++14";
				CLANG_CXX_LIBRARY = "libc++";
				CLANG_ENABLE_MODULES = YES;
				CLANG_ENABLE_OBJC_ARC = YES;
				CLANG_ENABLE_OBJC_WEAK = YES;
				CLANG_WARN_BLOCK_CAPTURE_AUTORELEASING = YES;
				CLANG_WARN_BOOL_CONVERSION = YES;
				CLANG_WARN_COMMA = YES;
				CLANG_WARN_CONSTANT_CONVERSION = YES;
				CLANG_WARN_DEPRECATED_OBJC_IMPLEMENTATIONS = YES;
				CLANG_WARN_DIRECT_OBJC_ISA_USAGE = YES_ERROR;
				CLANG_WARN_DOCUMENTATION_COMMENTS = YES;
				CLANG_WARN_EMPTY_BODY = YES;
				CLANG_WARN_ENUM_CONVERSION = YES;
				CLANG_WARN_INFINITE_RECURSION = YES;
				CLANG_WARN_INT_CONVERSION = YES;
				CLANG_WARN_NON_LITERAL_NULL_CONVERSION = YES;
				CLANG_WARN_OBJC_IMPLICIT_RETAIN_SELF = YES;
				CLANG_WARN_OBJC_LITERAL_CONVERSION = YES;
				CLANG_WARN_OBJC_ROOT_CLASS = YES_ERROR;
				CLANG_WARN_QUOTED_INCLUDE_IN_FRAMEWORK_HEADER = YES;
				CLANG_WARN_RANGE_LOOP_ANALYSIS = YES;
				CLANG_WARN_STRICT_PROTOTYPES = YES;
				CLANG_WARN_SUSPICIOUS_MOVE = YES;
				CLANG_WARN_UNGUARDED_AVAILABILITY = YES_AGGRESSIVE;
				CLANG_WARN_UNREACHABLE_CODE = YES;
				CLANG_WARN__DUPLICATE_METHOD_MATCH = YES;
				COPY_PHASE_STRIP = NO;
				DEBUG_INFORMATION_FORMAT = dwarf;
				ENABLE_STRICT_OBJC_MSGSEND = YES;
				ENABLE_TESTABILITY = YES;
				GCC_C_LANGUAGE_STANDARD = gnu11;
				GCC_DYNAMIC_NO_PIC = NO;
				GCC_NO_COMMON_BLOCKS = YES;
				GCC_OPTIMIZATION_LEVEL = 0;
				GCC_PREPROCESSOR_DEFINITIONS = (
					"DEBUG=1",
					"$(inherited)",
				);
				GCC_WARN_64_TO_32_BIT_CONVERSION = YES;
				GCC_WARN_ABOUT_RETURN_TYPE = YES_ERROR;
				GCC_WARN_UNDECLARED_SELECTOR = YES;
				GCC_WARN_UNINITIALIZED_AUTOS = YES_AGGRESSIVE;
				GCC_WARN_UNUSED_FUNCTION = YES;
				GCC_WARN_UNUSED_VARIABLE = YES;
				IPHONEOS_DEPLOYMENT_TARGET = 14.2;
				MTL_ENABLE_DEBUG_INFO = INCLUDE_SOURCE;
				MTL_FAST_MATH = YES;
				ONLY_ACTIVE_ARCH = YES;
				SDKROOT = iphoneos;
				SWIFT_ACTIVE_COMPILATION_CONDITIONS = DEBUG;
				SWIFT_OPTIMIZATION_LEVEL = "-Onone";
			};
			name = Debug;
		};
		45C4B87D25985B61006A8F8B /* Release */ = {
			isa = XCBuildConfiguration;
			buildSettings = {
				ALWAYS_SEARCH_USER_PATHS = NO;
				CLANG_ANALYZER_NONNULL = YES;
				CLANG_ANALYZER_NUMBER_OBJECT_CONVERSION = YES_AGGRESSIVE;
				CLANG_CXX_LANGUAGE_STANDARD = "gnu++14";
				CLANG_CXX_LIBRARY = "libc++";
				CLANG_ENABLE_MODULES = YES;
				CLANG_ENABLE_OBJC_ARC = YES;
				CLANG_ENABLE_OBJC_WEAK = YES;
				CLANG_WARN_BLOCK_CAPTURE_AUTORELEASING = YES;
				CLANG_WARN_BOOL_CONVERSION = YES;
				CLANG_WARN_COMMA = YES;
				CLANG_WARN_CONSTANT_CONVERSION = YES;
				CLANG_WARN_DEPRECATED_OBJC_IMPLEMENTATIONS = YES;
				CLANG_WARN_DIRECT_OBJC_ISA_USAGE = YES_ERROR;
				CLANG_WARN_DOCUMENTATION_COMMENTS = YES;
				CLANG_WARN_EMPTY_BODY = YES;
				CLANG_WARN_ENUM_CONVERSION = YES;
				CLANG_WARN_INFINITE_RECURSION = YES;
				CLANG_WARN_INT_CONVERSION = YES;
				CLANG_WARN_NON_LITERAL_NULL_CONVERSION = YES;
				CLANG_WARN_OBJC_IMPLICIT_RETAIN_SELF = YES;
				CLANG_WARN_OBJC_LITERAL_CONVERSION = YES;
				CLANG_WARN_OBJC_ROOT_CLASS = YES_ERROR;
				CLANG_WARN_QUOTED_INCLUDE_IN_FRAMEWORK_HEADER = YES;
				CLANG_WARN_RANGE_LOOP_ANALYSIS = YES;
				CLANG_WARN_STRICT_PROTOTYPES = YES;
				CLANG_WARN_SUSPICIOUS_MOVE = YES;
				CLANG_WARN_UNGUARDED_AVAILABILITY = YES_AGGRESSIVE;
				CLANG_WARN_UNREACHABLE_CODE = YES;
				CLANG_WARN__DUPLICATE_METHOD_MATCH = YES;
				COPY_PHASE_STRIP = NO;
				DEBUG_INFORMATION_FORMAT = "dwarf-with-dsym";
				ENABLE_NS_ASSERTIONS = NO;
				ENABLE_STRICT_OBJC_MSGSEND = YES;
				GCC_C_LANGUAGE_STANDARD = gnu11;
				GCC_NO_COMMON_BLOCKS = YES;
				GCC_WARN_64_TO_32_BIT_CONVERSION = YES;
				GCC_WARN_ABOUT_RETURN_TYPE = YES_ERROR;
				GCC_WARN_UNDECLARED_SELECTOR = YES;
				GCC_WARN_UNINITIALIZED_AUTOS = YES_AGGRESSIVE;
				GCC_WARN_UNUSED_FUNCTION = YES;
				GCC_WARN_UNUSED_VARIABLE = YES;
				IPHONEOS_DEPLOYMENT_TARGET = 14.2;
				MTL_ENABLE_DEBUG_INFO = NO;
				MTL_FAST_MATH = YES;
				SDKROOT = iphoneos;
				SWIFT_COMPILATION_MODE = wholemodule;
				SWIFT_OPTIMIZATION_LEVEL = "-O";
				VALIDATE_PRODUCT = YES;
			};
			name = Release;
		};
		45C4B87F25985B61006A8F8B /* Debug */ = {
			isa = XCBuildConfiguration;
			buildSettings = {
				ASSETCATALOG_COMPILER_APPICON_NAME = AppIcon;
				ASSETCATALOG_COMPILER_GLOBAL_ACCENT_COLOR_NAME = AccentColor;
				CODE_SIGN_ENTITLEMENTS = BabyObjectsTalk/App/BabyObjectsTalk.entitlements;
				CODE_SIGN_STYLE = Automatic;
				DEVELOPMENT_TEAM = RE4YFXSB23;
				INFOPLIST_FILE = BabyObjectsTalk/Plist/Info.plist;
				IPHONEOS_DEPLOYMENT_TARGET = 13.0;
				LD_RUNPATH_SEARCH_PATHS = (
					"$(inherited)",
					"@executable_path/Frameworks",
				);
				MARKETING_VERSION = 1.1.0;
				PRODUCT_BUNDLE_IDENTIFIER = com.glennposadas.kidsgames.babyobjectstalk;
				PRODUCT_NAME = "$(TARGET_NAME)";
				SUPPORTS_MACCATALYST = YES;
				SWIFT_VERSION = 5.0;
				TARGETED_DEVICE_FAMILY = "1,2";
			};
			name = Debug;
		};
		45C4B88025985B61006A8F8B /* Release */ = {
			isa = XCBuildConfiguration;
			buildSettings = {
				ASSETCATALOG_COMPILER_APPICON_NAME = AppIcon;
				ASSETCATALOG_COMPILER_GLOBAL_ACCENT_COLOR_NAME = AccentColor;
				CODE_SIGN_ENTITLEMENTS = BabyObjectsTalk/App/BabyObjectsTalk.entitlements;
				CODE_SIGN_STYLE = Automatic;
				DEVELOPMENT_TEAM = RE4YFXSB23;
				INFOPLIST_FILE = BabyObjectsTalk/Plist/Info.plist;
				IPHONEOS_DEPLOYMENT_TARGET = 13.0;
				LD_RUNPATH_SEARCH_PATHS = (
					"$(inherited)",
					"@executable_path/Frameworks",
				);
				MARKETING_VERSION = 1.1.0;
				PRODUCT_BUNDLE_IDENTIFIER = com.glennposadas.kidsgames.babyobjectstalk;
				PRODUCT_NAME = "$(TARGET_NAME)";
				SUPPORTS_MACCATALYST = YES;
				SWIFT_VERSION = 5.0;
				TARGETED_DEVICE_FAMILY = "1,2";
			};
			name = Release;
		};
/* End XCBuildConfiguration section */

/* Begin XCConfigurationList section */
		45C4B86525985B60006A8F8B /* Build configuration list for PBXProject "BabyObjectsTalk" */ = {
			isa = XCConfigurationList;
			buildConfigurations = (
				45C4B87C25985B61006A8F8B /* Debug */,
				45C4B87D25985B61006A8F8B /* Release */,
			);
			defaultConfigurationIsVisible = 0;
			defaultConfigurationName = Release;
		};
		45C4B87E25985B61006A8F8B /* Build configuration list for PBXNativeTarget "BabyObjectsTalk" */ = {
			isa = XCConfigurationList;
			buildConfigurations = (
				45C4B87F25985B61006A8F8B /* Debug */,
				45C4B88025985B61006A8F8B /* Release */,
			);
			defaultConfigurationIsVisible = 0;
			defaultConfigurationName = Release;
		};
/* End XCConfigurationList section */
	};
	rootObject = 45C4B86225985B60006A8F8B /* Project object */;
}
